
Microsoft Visual Studio Solution File, Format Version 12.00
# Visual Studio Version 16
VisualStudioVersion = 16.0.30717.126
MinimumVisualStudioVersion = 10.0.40219.1
Project("{FAE04EC0-301F-11D3-BF4B-00C04F79EFBC}") = "GoTSkillZ.Web.UI.Site", "GoTSkillZ.Web.UI.Site\GoTSkillZ.Web.UI.Site.csproj", "{9FD77817-4058-48AD-AD05-3A3B61468E1C}"
EndProject
Project("{2150E333-8FDC-42A3-9474-1A3956D46DE8}") = "1 - Presentation", "1 - Presentation", "{E6CC2591-179F-405B-A3AB-AFE98034A373}"
EndProject
Project("{2150E333-8FDC-42A3-9474-1A3956D46DE8}") = "2 - Domain", "2 - Domain", "{C49E47D4-262C-4315-ADF9-54C8CC47B26C}"
EndProject
Project("{2150E333-8FDC-42A3-9474-1A3956D46DE8}") = "DataUtilities", "DataUtilities", "{26ADA218-0A39-4CA6-8456-967E4605E058}"
EndProject
Project("{2150E333-8FDC-42A3-9474-1A3956D46DE8}") = "Models", "Models", "{52D7F742-C241-4613-B87B-39B306D05582}"
EndProject
Project("{2150E333-8FDC-42A3-9474-1A3956D46DE8}") = "3 - Services", "3 - Services", "{B0F0A7C6-65FD-4845-8C34-7A4A03D8111B}"
EndProject
Project("{2150E333-8FDC-42A3-9474-1A3956D46DE8}") = "CoreServices", "CoreServices", "{C5330B5E-D637-4005-93C5-4F0F436CCA40}"
EndProject
Project("{2150E333-8FDC-42A3-9474-1A3956D46DE8}") = "SecurityServices", "SecurityServices", "{E750A743-700A-45C5-B61E-D8B88B9FDD55}"
EndProject
Project("{FAE04EC0-301F-11D3-BF4B-00C04F79EFBC}") = "GoTSkillZ.DataUtilities.Core", "Domain\DataUtilities\GoTSkillZ.DataUtilities.Core\GoTSkillZ.DataUtilities.Core.csproj", "{604CDCAA-73D1-4E49-8D6F-BEB3442349E1}"
EndProject
Project("{FAE04EC0-301F-11D3-BF4B-00C04F79EFBC}") = "GoTSkillZ.Models.PMS", "Domain\Models\GoTSkillZ.Models.PMS\GoTSkillZ.Models.PMS.csproj", "{973E8F7F-E43D-46B0-8211-9391ADDDABE3}"
EndProject
Project("{FAE04EC0-301F-11D3-BF4B-00C04F79EFBC}") = "GoTSkillZ.CoreServices.PMSService", "Services\CoreServices\GoTSkillZ.CoreServices.PMSService\GoTSkillZ.CoreServices.PMSService.csproj", "{41E641F2-A407-4997-82D0-BDDE2BEBBFA9}"
EndProject
Project("{FAE04EC0-301F-11D3-BF4B-00C04F79EFBC}") = "GoTSkillZ.Models.Membership", "Domain\Models\GoTSkillZ.Models.Membership\GoTSkillZ.Models.Membership.csproj", "{C94DD6F1-DBAB-4FA3-B805-CC74E92AACA2}"
EndProject
Project("{FAE04EC0-301F-11D3-BF4B-00C04F79EFBC}") = "GoTSkillZ.CoreServices.MembershipService", "Services\CoreServices\GoTSkillZ.CoreServices.MembershipService\GoTSkillZ.CoreServices.MembershipService.csproj", "{5DF8672C-3147-4174-94ED-51851F4231E2}"
EndProject
Project("{FAE04EC0-301F-11D3-BF4B-00C04F79EFBC}") = "GoTSkillZ.Models.UserDataExtension", "Domain\Models\GoTSkillZ.Models.UserDataExtension\GoTSkillZ.Models.UserDataExtension.csproj", "{416E1547-4196-4001-AA2D-2DF8248ED24A}"
EndProject
Project("{FAE04EC0-301F-11D3-BF4B-00C04F79EFBC}") = "GoTSkillZ.CoreServices.UserExtenionService", "Services\CoreServices\GoTSkillZ.CoreServices.UserExtenionService\GoTSkillZ.CoreServices.UserExtenionService.csproj", "{A908C3E9-9602-482C-B6BA-61D2CFACB6AE}"
EndProject
Project("{FAE04EC0-301F-11D3-BF4B-00C04F79EFBC}") = "GoTSkillZ.Security.Services", "Services\SecurityServices\GoTSkillZ.Security.Services\GoTSkillZ.Security.Services.csproj", "{DF85955F-F55A-4A3B-8E4D-8C5E7A92B604}"
EndProject
Project("{2150E333-8FDC-42A3-9474-1A3956D46DE8}") = "Utilities", "Utilities", "{C4A01F38-9CF5-4A29-9D37-D09CC2889198}"
EndProject
Project("{FAE04EC0-301F-11D3-BF4B-00C04F79EFBC}") = "GoTSkillZ.CoreServices.YoutubeService", "Services\CoreServices\GoTSkillZ.CoreServices.YoutubeService\GoTSkillZ.CoreServices.YoutubeService.csproj", "{0C70B444-CF14-4040-8FCD-05B74112AC13}"
EndProject
Project("{FAE04EC0-301F-11D3-BF4B-00C04F79EFBC}") = "GoTSkillZ.Models.Location", "Domain\Models\GoTSkillZ.Models.Location\GoTSkillZ.Models.Location.csproj", "{8DFADC0F-BDC5-4EB2-9F91-658F0ED9552C}"
EndProject
Project("{FAE04EC0-301F-11D3-BF4B-00C04F79EFBC}") = "GoTSkillZ.Models.Game", "Domain\Models\GoTSkillZ.Models.Game\GoTSkillZ.Models.Game.csproj", "{79AEA9B6-7CB8-49C2-8599-1F16B91E4F39}"
EndProject
Project("{FAE04EC0-301F-11D3-BF4B-00C04F79EFBC}") = "GoTSkillZ.CoreServices.GameService", "Services\CoreServices\GoTSkillZ.CoreServices.GameService\GoTSkillZ.CoreServices.GameService.csproj", "{5C91FE2A-E9C9-4032-9F67-2C65D6D7EEAA}"
EndProject
Project("{FAE04EC0-301F-11D3-BF4B-00C04F79EFBC}") = "GoTSkillZ.Models.UserSetup", "Domain\Models\GoTSkillZ.Models.UserSetup\GoTSkillZ.Models.UserSetup.csproj", "{CCD0ADE1-C4F2-4AAC-8F64-C08AF4C1D456}"
EndProject
Project("{FAE04EC0-301F-11D3-BF4B-00C04F79EFBC}") = "GoTSkillZ.Models.Partner", "Domain\Models\GoTSkillZ.Models.Partner\GoTSkillZ.Models.Partner.csproj", "{7BF9782A-1ECA-4B06-82ED-778F1D1C917D}"
EndProject
Project("{FAE04EC0-301F-11D3-BF4B-00C04F79EFBC}") = "GoTSkillZ.CoreServices.PartnerService", "Services\CoreServices\GoTSkillZ.CoreServices.PartnerService\GoTSkillZ.CoreServices.PartnerService.csproj", "{68C2D500-CFC9-4EA2-8FC1-661AC49CB9FE}"
EndProject
Project("{FAE04EC0-301F-11D3-BF4B-00C04F79EFBC}") = "GoTSkillZ.CoreServices.SiteCoreDataService", "Services\CoreServices\GoTSkillZ.CoreServices.SiteCoreDataService\GoTSkillZ.CoreServices.SiteCoreDataService.csproj", "{7997A529-6D0B-407B-BEF5-98C01F5C2462}"
EndProject
Project("{2150E333-8FDC-42A3-9474-1A3956D46DE8}") = "4 - Application", "4 - Application", "{F16610AF-2244-4C5C-8B46-9E8F3605BA77}"
EndProject
Project("{FAE04EC0-301F-11D3-BF4B-00C04F79EFBC}") = "GoTSkillZ.Application.Transforms", "Application\GoTSkillZ.Application.Transforms\GoTSkillZ.Application.Transforms.csproj", "{E1EB26E7-8FCB-4409-8438-5131E3144963}"
EndProject
Project("{FAE04EC0-301F-11D3-BF4B-00C04F79EFBC}") = "GoTSkillZ.Models.CSGO", "Domain\Models\GoTSkillZ.Models.CSGO\GoTSkillZ.Models.CSGO.csproj", "{80DCED7D-0FC3-4160-ACD1-5FD08B14E458}"
EndProject
Project("{FAE04EC0-301F-11D3-BF4B-00C04F79EFBC}") = "GoTSkillZ.Models.YouTube", "Domain\Models\GoTSkillZ.Models.YouTube\GoTSkillZ.Models.YouTube.csproj", "{5222F04B-0EC0-49E4-8667-F1C3B64B1480}"
EndProject
Project("{FAE04EC0-301F-11D3-BF4B-00C04F79EFBC}") = "GoTSkillZ.Models.Donation", "Domain\Models\GoTSkillZ.Models.Donation\GoTSkillZ.Models.Donation.csproj", "{54BA5BF3-0DA4-490E-816B-CEBC1BBCF3A1}"
EndProject
Project("{FAE04EC0-301F-11D3-BF4B-00C04F79EFBC}") = "GoTSkillZ.Models.Giveaway", "Domain\Models\GoTSkillZ.Models.Giveaway\GoTSkillZ.Models.Giveaway.csproj", "{29EDA099-6492-4358-B2A6-801594EED5F0}"
EndProject
Project("{FAE04EC0-301F-11D3-BF4B-00C04F79EFBC}") = "GoTSkillZ.CoreServices.GiveawayService", "Services\CoreServices\GoTSkillZ.CoreServices.GiveawayService\GoTSkillZ.CoreServices.GiveawayService.csproj", "{7CF697F2-5ADE-4B9B-BF68-8C7F07E095D4}"
EndProject
Project("{FAE04EC0-301F-11D3-BF4B-00C04F79EFBC}") = "GoTSkillZ.CoreServices.GoogleService", "Services\CoreServices\GoTSkillZ.CoreServices.GoogleService\GoTSkillZ.CoreServices.GoogleService.csproj", "{44398367-9C32-4133-ACBD-E859E989D74F}"
EndProject
Global
	GlobalSection(SolutionConfigurationPlatforms) = preSolution
		Debug|Any CPU = Debug|Any CPU
		Prod|Any CPU = Prod|Any CPU
		Release|Any CPU = Release|Any CPU
	EndGlobalSection
	GlobalSection(ProjectConfigurationPlatforms) = postSolution
		{9FD77817-4058-48AD-AD05-3A3B61468E1C}.Debug|Any CPU.ActiveCfg = Debug|Any CPU
		{9FD77817-4058-48AD-AD05-3A3B61468E1C}.Debug|Any CPU.Build.0 = Debug|Any CPU
		{9FD77817-4058-48AD-AD05-3A3B61468E1C}.Prod|Any CPU.ActiveCfg = Prod|Any CPU
		{9FD77817-4058-48AD-AD05-3A3B61468E1C}.Prod|Any CPU.Build.0 = Prod|Any CPU
		{9FD77817-4058-48AD-AD05-3A3B61468E1C}.Release|Any CPU.ActiveCfg = Release|Any CPU
		{9FD77817-4058-48AD-AD05-3A3B61468E1C}.Release|Any CPU.Build.0 = Release|Any CPU
		{604CDCAA-73D1-4E49-8D6F-BEB3442349E1}.Debug|Any CPU.ActiveCfg = Debug|Any CPU
		{604CDCAA-73D1-4E49-8D6F-BEB3442349E1}.Debug|Any CPU.Build.0 = Debug|Any CPU
		{604CDCAA-73D1-4E49-8D6F-BEB3442349E1}.Prod|Any CPU.ActiveCfg = Prod|Any CPU
		{604CDCAA-73D1-4E49-8D6F-BEB3442349E1}.Prod|Any CPU.Build.0 = Prod|Any CPU
		{604CDCAA-73D1-4E49-8D6F-BEB3442349E1}.Release|Any CPU.ActiveCfg = Release|Any CPU
		{604CDCAA-73D1-4E49-8D6F-BEB3442349E1}.Release|Any CPU.Build.0 = Release|Any CPU
		{973E8F7F-E43D-46B0-8211-9391ADDDABE3}.Debug|Any CPU.ActiveCfg = Debug|Any CPU
		{973E8F7F-E43D-46B0-8211-9391ADDDABE3}.Debug|Any CPU.Build.0 = Debug|Any CPU
		{973E8F7F-E43D-46B0-8211-9391ADDDABE3}.Prod|Any CPU.ActiveCfg = Prod|Any CPU
		{973E8F7F-E43D-46B0-8211-9391ADDDABE3}.Prod|Any CPU.Build.0 = Prod|Any CPU
		{973E8F7F-E43D-46B0-8211-9391ADDDABE3}.Release|Any CPU.ActiveCfg = Release|Any CPU
		{973E8F7F-E43D-46B0-8211-9391ADDDABE3}.Release|Any CPU.Build.0 = Release|Any CPU
		{41E641F2-A407-4997-82D0-BDDE2BEBBFA9}.Debug|Any CPU.ActiveCfg = Debug|Any CPU
		{41E641F2-A407-4997-82D0-BDDE2BEBBFA9}.Debug|Any CPU.Build.0 = Debug|Any CPU
		{41E641F2-A407-4997-82D0-BDDE2BEBBFA9}.Prod|Any CPU.ActiveCfg = Prod|Any CPU
		{41E641F2-A407-4997-82D0-BDDE2BEBBFA9}.Prod|Any CPU.Build.0 = Prod|Any CPU
		{41E641F2-A407-4997-82D0-BDDE2BEBBFA9}.Release|Any CPU.ActiveCfg = Release|Any CPU
		{41E641F2-A407-4997-82D0-BDDE2BEBBFA9}.Release|Any CPU.Build.0 = Release|Any CPU
		{C94DD6F1-DBAB-4FA3-B805-CC74E92AACA2}.Debug|Any CPU.ActiveCfg = Debug|Any CPU
		{C94DD6F1-DBAB-4FA3-B805-CC74E92AACA2}.Debug|Any CPU.Build.0 = Debug|Any CPU
		{C94DD6F1-DBAB-4FA3-B805-CC74E92AACA2}.Prod|Any CPU.ActiveCfg = Prod|Any CPU
		{C94DD6F1-DBAB-4FA3-B805-CC74E92AACA2}.Prod|Any CPU.Build.0 = Prod|Any CPU
		{C94DD6F1-DBAB-4FA3-B805-CC74E92AACA2}.Release|Any CPU.ActiveCfg = Release|Any CPU
		{C94DD6F1-DBAB-4FA3-B805-CC74E92AACA2}.Release|Any CPU.Build.0 = Release|Any CPU
		{5DF8672C-3147-4174-94ED-51851F4231E2}.Debug|Any CPU.ActiveCfg = Debug|Any CPU
		{5DF8672C-3147-4174-94ED-51851F4231E2}.Debug|Any CPU.Build.0 = Debug|Any CPU
		{5DF8672C-3147-4174-94ED-51851F4231E2}.Prod|Any CPU.ActiveCfg = Prod|Any CPU
		{5DF8672C-3147-4174-94ED-51851F4231E2}.Prod|Any CPU.Build.0 = Prod|Any CPU
		{5DF8672C-3147-4174-94ED-51851F4231E2}.Release|Any CPU.ActiveCfg = Release|Any CPU
		{5DF8672C-3147-4174-94ED-51851F4231E2}.Release|Any CPU.Build.0 = Release|Any CPU
		{416E1547-4196-4001-AA2D-2DF8248ED24A}.Debug|Any CPU.ActiveCfg = Debug|Any CPU
		{416E1547-4196-4001-AA2D-2DF8248ED24A}.Debug|Any CPU.Build.0 = Debug|Any CPU
		{416E1547-4196-4001-AA2D-2DF8248ED24A}.Prod|Any CPU.ActiveCfg = Prod|Any CPU
		{416E1547-4196-4001-AA2D-2DF8248ED24A}.Prod|Any CPU.Build.0 = Prod|Any CPU
		{416E1547-4196-4001-AA2D-2DF8248ED24A}.Release|Any CPU.ActiveCfg = Release|Any CPU
		{416E1547-4196-4001-AA2D-2DF8248ED24A}.Release|Any CPU.Build.0 = Release|Any CPU
		{A908C3E9-9602-482C-B6BA-61D2CFACB6AE}.Debug|Any CPU.ActiveCfg = Debug|Any CPU
		{A908C3E9-9602-482C-B6BA-61D2CFACB6AE}.Debug|Any CPU.Build.0 = Debug|Any CPU
		{A908C3E9-9602-482C-B6BA-61D2CFACB6AE}.Prod|Any CPU.ActiveCfg = Prod|Any CPU
		{A908C3E9-9602-482C-B6BA-61D2CFACB6AE}.Prod|Any CPU.Build.0 = Prod|Any CPU
		{A908C3E9-9602-482C-B6BA-61D2CFACB6AE}.Release|Any CPU.ActiveCfg = Release|Any CPU
		{A908C3E9-9602-482C-B6BA-61D2CFACB6AE}.Release|Any CPU.Build.0 = Release|Any CPU
		{DF85955F-F55A-4A3B-8E4D-8C5E7A92B604}.Debug|Any CPU.ActiveCfg = Debug|Any CPU
		{DF85955F-F55A-4A3B-8E4D-8C5E7A92B604}.Debug|Any CPU.Build.0 = Debug|Any CPU
		{DF85955F-F55A-4A3B-8E4D-8C5E7A92B604}.Prod|Any CPU.ActiveCfg = Prod|Any CPU
		{DF85955F-F55A-4A3B-8E4D-8C5E7A92B604}.Prod|Any CPU.Build.0 = Prod|Any CPU
		{DF85955F-F55A-4A3B-8E4D-8C5E7A92B604}.Release|Any CPU.ActiveCfg = Release|Any CPU
		{DF85955F-F55A-4A3B-8E4D-8C5E7A92B604}.Release|Any CPU.Build.0 = Release|Any CPU
		{0C70B444-CF14-4040-8FCD-05B74112AC13}.Debug|Any CPU.ActiveCfg = Debug|Any CPU
		{0C70B444-CF14-4040-8FCD-05B74112AC13}.Debug|Any CPU.Build.0 = Debug|Any CPU
		{0C70B444-CF14-4040-8FCD-05B74112AC13}.Prod|Any CPU.ActiveCfg = Prod|Any CPU
		{0C70B444-CF14-4040-8FCD-05B74112AC13}.Prod|Any CPU.Build.0 = Prod|Any CPU
		{0C70B444-CF14-4040-8FCD-05B74112AC13}.Release|Any CPU.ActiveCfg = Release|Any CPU
		{0C70B444-CF14-4040-8FCD-05B74112AC13}.Release|Any CPU.Build.0 = Release|Any CPU
		{8DFADC0F-BDC5-4EB2-9F91-658F0ED9552C}.Debug|Any CPU.ActiveCfg = Debug|Any CPU
		{8DFADC0F-BDC5-4EB2-9F91-658F0ED9552C}.Debug|Any CPU.Build.0 = Debug|Any CPU
		{8DFADC0F-BDC5-4EB2-9F91-658F0ED9552C}.Prod|Any CPU.ActiveCfg = Prod|Any CPU
		{8DFADC0F-BDC5-4EB2-9F91-658F0ED9552C}.Prod|Any CPU.Build.0 = Prod|Any CPU
		{8DFADC0F-BDC5-4EB2-9F91-658F0ED9552C}.Release|Any CPU.ActiveCfg = Release|Any CPU
		{8DFADC0F-BDC5-4EB2-9F91-658F0ED9552C}.Release|Any CPU.Build.0 = Release|Any CPU
		{79AEA9B6-7CB8-49C2-8599-1F16B91E4F39}.Debug|Any CPU.ActiveCfg = Debug|Any CPU
		{79AEA9B6-7CB8-49C2-8599-1F16B91E4F39}.Debug|Any CPU.Build.0 = Debug|Any CPU
		{79AEA9B6-7CB8-49C2-8599-1F16B91E4F39}.Prod|Any CPU.ActiveCfg = Prod|Any CPU
		{79AEA9B6-7CB8-49C2-8599-1F16B91E4F39}.Prod|Any CPU.Build.0 = Prod|Any CPU
		{79AEA9B6-7CB8-49C2-8599-1F16B91E4F39}.Release|Any CPU.ActiveCfg = Release|Any CPU
		{79AEA9B6-7CB8-49C2-8599-1F16B91E4F39}.Release|Any CPU.Build.0 = Release|Any CPU
		{5C91FE2A-E9C9-4032-9F67-2C65D6D7EEAA}.Debug|Any CPU.ActiveCfg = Debug|Any CPU
		{5C91FE2A-E9C9-4032-9F67-2C65D6D7EEAA}.Debug|Any CPU.Build.0 = Debug|Any CPU
		{5C91FE2A-E9C9-4032-9F67-2C65D6D7EEAA}.Prod|Any CPU.ActiveCfg = Prod|Any CPU
		{5C91FE2A-E9C9-4032-9F67-2C65D6D7EEAA}.Prod|Any CPU.Build.0 = Prod|Any CPU
		{5C91FE2A-E9C9-4032-9F67-2C65D6D7EEAA}.Release|Any CPU.ActiveCfg = Release|Any CPU
		{5C91FE2A-E9C9-4032-9F67-2C65D6D7EEAA}.Release|Any CPU.Build.0 = Release|Any CPU
		{CCD0ADE1-C4F2-4AAC-8F64-C08AF4C1D456}.Debug|Any CPU.ActiveCfg = Debug|Any CPU
		{CCD0ADE1-C4F2-4AAC-8F64-C08AF4C1D456}.Debug|Any CPU.Build.0 = Debug|Any CPU
		{CCD0ADE1-C4F2-4AAC-8F64-C08AF4C1D456}.Prod|Any CPU.ActiveCfg = Prod|Any CPU
		{CCD0ADE1-C4F2-4AAC-8F64-C08AF4C1D456}.Prod|Any CPU.Build.0 = Prod|Any CPU
		{CCD0ADE1-C4F2-4AAC-8F64-C08AF4C1D456}.Release|Any CPU.ActiveCfg = Release|Any CPU
		{CCD0ADE1-C4F2-4AAC-8F64-C08AF4C1D456}.Release|Any CPU.Build.0 = Release|Any CPU
		{7BF9782A-1ECA-4B06-82ED-778F1D1C917D}.Debug|Any CPU.ActiveCfg = Debug|Any CPU
		{7BF9782A-1ECA-4B06-82ED-778F1D1C917D}.Debug|Any CPU.Build.0 = Debug|Any CPU
		{7BF9782A-1ECA-4B06-82ED-778F1D1C917D}.Prod|Any CPU.ActiveCfg = Prod|Any CPU
		{7BF9782A-1ECA-4B06-82ED-778F1D1C917D}.Prod|Any CPU.Build.0 = Prod|Any CPU
		{7BF9782A-1ECA-4B06-82ED-778F1D1C917D}.Release|Any CPU.ActiveCfg = Release|Any CPU
		{7BF9782A-1ECA-4B06-82ED-778F1D1C917D}.Release|Any CPU.Build.0 = Release|Any CPU
		{68C2D500-CFC9-4EA2-8FC1-661AC49CB9FE}.Debug|Any CPU.ActiveCfg = Debug|Any CPU
		{68C2D500-CFC9-4EA2-8FC1-661AC49CB9FE}.Debug|Any CPU.Build.0 = Debug|Any CPU
		{68C2D500-CFC9-4EA2-8FC1-661AC49CB9FE}.Prod|Any CPU.ActiveCfg = Prod|Any CPU
		{68C2D500-CFC9-4EA2-8FC1-661AC49CB9FE}.Prod|Any CPU.Build.0 = Prod|Any CPU
		{68C2D500-CFC9-4EA2-8FC1-661AC49CB9FE}.Release|Any CPU.ActiveCfg = Release|Any CPU
		{68C2D500-CFC9-4EA2-8FC1-661AC49CB9FE}.Release|Any CPU.Build.0 = Release|Any CPU
		{7997A529-6D0B-407B-BEF5-98C01F5C2462}.Debug|Any CPU.ActiveCfg = Debug|Any CPU
		{7997A529-6D0B-407B-BEF5-98C01F5C2462}.Debug|Any CPU.Build.0 = Debug|Any CPU
		{7997A529-6D0B-407B-BEF5-98C01F5C2462}.Prod|Any CPU.ActiveCfg = Prod|Any CPU
		{7997A529-6D0B-407B-BEF5-98C01F5C2462}.Prod|Any CPU.Build.0 = Prod|Any CPU
		{7997A529-6D0B-407B-BEF5-98C01F5C2462}.Release|Any CPU.ActiveCfg = Release|Any CPU
		{7997A529-6D0B-407B-BEF5-98C01F5C2462}.Release|Any CPU.Build.0 = Release|Any CPU
		{E1EB26E7-8FCB-4409-8438-5131E3144963}.Debug|Any CPU.ActiveCfg = Debug|Any CPU
		{E1EB26E7-8FCB-4409-8438-5131E3144963}.Debug|Any CPU.Build.0 = Debug|Any CPU
		{E1EB26E7-8FCB-4409-8438-5131E3144963}.Prod|Any CPU.ActiveCfg = Prod|Any CPU
		{E1EB26E7-8FCB-4409-8438-5131E3144963}.Prod|Any CPU.Build.0 = Prod|Any CPU
		{E1EB26E7-8FCB-4409-8438-5131E3144963}.Release|Any CPU.ActiveCfg = Release|Any CPU
		{E1EB26E7-8FCB-4409-8438-5131E3144963}.Release|Any CPU.Build.0 = Release|Any CPU
		{80DCED7D-0FC3-4160-ACD1-5FD08B14E458}.Debug|Any CPU.ActiveCfg = Debug|Any CPU
		{80DCED7D-0FC3-4160-ACD1-5FD08B14E458}.Debug|Any CPU.Build.0 = Debug|Any CPU
		{80DCED7D-0FC3-4160-ACD1-5FD08B14E458}.Prod|Any CPU.ActiveCfg = Release|Any CPU
		{80DCED7D-0FC3-4160-ACD1-5FD08B14E458}.Prod|Any CPU.Build.0 = Release|Any CPU
		{80DCED7D-0FC3-4160-ACD1-5FD08B14E458}.Release|Any CPU.ActiveCfg = Release|Any CPU
		{80DCED7D-0FC3-4160-ACD1-5FD08B14E458}.Release|Any CPU.Build.0 = Release|Any CPU
		{5222F04B-0EC0-49E4-8667-F1C3B64B1480}.Debug|Any CPU.ActiveCfg = Debug|Any CPU
		{5222F04B-0EC0-49E4-8667-F1C3B64B1480}.Debug|Any CPU.Build.0 = Debug|Any CPU
		{5222F04B-0EC0-49E4-8667-F1C3B64B1480}.Prod|Any CPU.ActiveCfg = Release|Any CPU
		{5222F04B-0EC0-49E4-8667-F1C3B64B1480}.Prod|Any CPU.Build.0 = Release|Any CPU
		{5222F04B-0EC0-49E4-8667-F1C3B64B1480}.Release|Any CPU.ActiveCfg = Release|Any CPU
		{5222F04B-0EC0-49E4-8667-F1C3B64B1480}.Release|Any CPU.Build.0 = Release|Any CPU
		{54BA5BF3-0DA4-490E-816B-CEBC1BBCF3A1}.Debug|Any CPU.ActiveCfg = Debug|Any CPU
		{54BA5BF3-0DA4-490E-816B-CEBC1BBCF3A1}.Debug|Any CPU.Build.0 = Debug|Any CPU
		{54BA5BF3-0DA4-490E-816B-CEBC1BBCF3A1}.Prod|Any CPU.ActiveCfg = Release|Any CPU
		{54BA5BF3-0DA4-490E-816B-CEBC1BBCF3A1}.Prod|Any CPU.Build.0 = Release|Any CPU
		{54BA5BF3-0DA4-490E-816B-CEBC1BBCF3A1}.Release|Any CPU.ActiveCfg = Release|Any CPU
		{54BA5BF3-0DA4-490E-816B-CEBC1BBCF3A1}.Release|Any CPU.Build.0 = Release|Any CPU
		{29EDA099-6492-4358-B2A6-801594EED5F0}.Debug|Any CPU.ActiveCfg = Debug|Any CPU
		{29EDA099-6492-4358-B2A6-801594EED5F0}.Debug|Any CPU.Build.0 = Debug|Any CPU
		{29EDA099-6492-4358-B2A6-801594EED5F0}.Prod|Any CPU.ActiveCfg = Debug|Any CPU
		{29EDA099-6492-4358-B2A6-801594EED5F0}.Prod|Any CPU.Build.0 = Debug|Any CPU
		{29EDA099-6492-4358-B2A6-801594EED5F0}.Release|Any CPU.ActiveCfg = Release|Any CPU
		{29EDA099-6492-4358-B2A6-801594EED5F0}.Release|Any CPU.Build.0 = Release|Any CPU
		{7CF697F2-5ADE-4B9B-BF68-8C7F07E095D4}.Debug|Any CPU.ActiveCfg = Debug|Any CPU
		{7CF697F2-5ADE-4B9B-BF68-8C7F07E095D4}.Debug|Any CPU.Build.0 = Debug|Any CPU
		{7CF697F2-5ADE-4B9B-BF68-8C7F07E095D4}.Prod|Any CPU.ActiveCfg = Debug|Any CPU
		{7CF697F2-5ADE-4B9B-BF68-8C7F07E095D4}.Prod|Any CPU.Build.0 = Debug|Any CPU
		{7CF697F2-5ADE-4B9B-BF68-8C7F07E095D4}.Release|Any CPU.ActiveCfg = Release|Any CPU
		{7CF697F2-5ADE-4B9B-BF68-8C7F07E095D4}.Release|Any CPU.Build.0 = Release|Any CPU
		{44398367-9C32-4133-ACBD-E859E989D74F}.Debug|Any CPU.ActiveCfg = Debug|Any CPU
		{44398367-9C32-4133-ACBD-E859E989D74F}.Debug|Any CPU.Build.0 = Debug|Any CPU
		{44398367-9C32-4133-ACBD-E859E989D74F}.Prod|Any CPU.ActiveCfg = Debug|Any CPU
		{44398367-9C32-4133-ACBD-E859E989D74F}.Prod|Any CPU.Build.0 = Debug|Any CPU
		{44398367-9C32-4133-ACBD-E859E989D74F}.Release|Any CPU.ActiveCfg = Release|Any CPU
		{44398367-9C32-4133-ACBD-E859E989D74F}.Release|Any CPU.Build.0 = Release|Any CPU
	EndGlobalSection
	GlobalSection(SolutionProperties) = preSolution
		HideSolutionNode = FALSE
	EndGlobalSection
	GlobalSection(NestedProjects) = preSolution
		{9FD77817-4058-48AD-AD05-3A3B61468E1C} = {E6CC2591-179F-405B-A3AB-AFE98034A373}
		{26ADA218-0A39-4CA6-8456-967E4605E058} = {C49E47D4-262C-4315-ADF9-54C8CC47B26C}
		{52D7F742-C241-4613-B87B-39B306D05582} = {C49E47D4-262C-4315-ADF9-54C8CC47B26C}
		{C5330B5E-D637-4005-93C5-4F0F436CCA40} = {B0F0A7C6-65FD-4845-8C34-7A4A03D8111B}
		{E750A743-700A-45C5-B61E-D8B88B9FDD55} = {B0F0A7C6-65FD-4845-8C34-7A4A03D8111B}
		{604CDCAA-73D1-4E49-8D6F-BEB3442349E1} = {26ADA218-0A39-4CA6-8456-967E4605E058}
		{973E8F7F-E43D-46B0-8211-9391ADDDABE3} = {52D7F742-C241-4613-B87B-39B306D05582}
		{41E641F2-A407-4997-82D0-BDDE2BEBBFA9} = {C5330B5E-D637-4005-93C5-4F0F436CCA40}
		{C94DD6F1-DBAB-4FA3-B805-CC74E92AACA2} = {52D7F742-C241-4613-B87B-39B306D05582}
		{5DF8672C-3147-4174-94ED-51851F4231E2} = {C5330B5E-D637-4005-93C5-4F0F436CCA40}
		{416E1547-4196-4001-AA2D-2DF8248ED24A} = {52D7F742-C241-4613-B87B-39B306D05582}
		{A908C3E9-9602-482C-B6BA-61D2CFACB6AE} = {C5330B5E-D637-4005-93C5-4F0F436CCA40}
		{DF85955F-F55A-4A3B-8E4D-8C5E7A92B604} = {E750A743-700A-45C5-B61E-D8B88B9FDD55}
		{C4A01F38-9CF5-4A29-9D37-D09CC2889198} = {B0F0A7C6-65FD-4845-8C34-7A4A03D8111B}
		{0C70B444-CF14-4040-8FCD-05B74112AC13} = {C5330B5E-D637-4005-93C5-4F0F436CCA40}
		{8DFADC0F-BDC5-4EB2-9F91-658F0ED9552C} = {52D7F742-C241-4613-B87B-39B306D05582}
		{79AEA9B6-7CB8-49C2-8599-1F16B91E4F39} = {52D7F742-C241-4613-B87B-39B306D05582}
		{5C91FE2A-E9C9-4032-9F67-2C65D6D7EEAA} = {C5330B5E-D637-4005-93C5-4F0F436CCA40}
		{CCD0ADE1-C4F2-4AAC-8F64-C08AF4C1D456} = {52D7F742-C241-4613-B87B-39B306D05582}
		{7BF9782A-1ECA-4B06-82ED-778F1D1C917D} = {52D7F742-C241-4613-B87B-39B306D05582}
		{68C2D500-CFC9-4EA2-8FC1-661AC49CB9FE} = {C5330B5E-D637-4005-93C5-4F0F436CCA40}
		{7997A529-6D0B-407B-BEF5-98C01F5C2462} = {C5330B5E-D637-4005-93C5-4F0F436CCA40}
		{E1EB26E7-8FCB-4409-8438-5131E3144963} = {F16610AF-2244-4C5C-8B46-9E8F3605BA77}
		{80DCED7D-0FC3-4160-ACD1-5FD08B14E458} = {52D7F742-C241-4613-B87B-39B306D05582}
		{5222F04B-0EC0-49E4-8667-F1C3B64B1480} = {52D7F742-C241-4613-B87B-39B306D05582}
		{54BA5BF3-0DA4-490E-816B-CEBC1BBCF3A1} = {52D7F742-C241-4613-B87B-39B306D05582}
		{29EDA099-6492-4358-B2A6-801594EED5F0} = {52D7F742-C241-4613-B87B-39B306D05582}
		{7CF697F2-5ADE-4B9B-BF68-8C7F07E095D4} = {C5330B5E-D637-4005-93C5-4F0F436CCA40}
		{44398367-9C32-4133-ACBD-E859E989D74F} = {C5330B5E-D637-4005-93C5-4F0F436CCA40}
	EndGlobalSection
	GlobalSection(ExtensibilityGlobals) = postSolution
		SolutionGuid = {816C9660-9FF9-4DED-8858-1B34840F931F}
	EndGlobalSection
EndGlobal
